PODS:
  - FSLogging (0.0.1)
  - FSNetworking (3.2.0)
  - FSSerialization (0.0.1)
  - FSWeakGCDTimer (0.0.1)

DEPENDENCIES:
  - FSLogging (from `https://github.com/freestarcapital/FSLogging.git`)
  - FSNetworking (from `https://github.com/freestarcapital/FSNetworking.git`)
  - FSSerialization (from `https://github.com/freestarcapital/FSSerialization.git`)
  - FSWeakGCDTimer (from `https://github.com/freestarcapital/FSWeakGCDTimer.git`)

EXTERNAL SOURCES:
  FSLogging:
    :git: https://github.com/freestarcapital/FSLogging.git
  FSNetworking:
    :git: https://github.com/freestarcapital/FSNetworking.git
  FSSerialization:
    :git: https://github.com/freestarcapital/FSSerialization.git
  FSWeakGCDTimer:
    :git: https://github.com/freestarcapital/FSWeakGCDTimer.git

CHECKOUT OPTIONS:
  FSLogging:
    :commit: 193c8e459d9f5ae3853653614ef6b940afe1b776
    :git: https://github.com/freestarcapital/FSLogging.git
  FSNetworking:
    :commit: d85da805ab21616c173af1767a650d658b6f5b4d
    :git: https://github.com/freestarcapital/FSNetworking.git
  FSSerialization:
    :commit: 26c8e168fc16179040a1b49f3eb31bfd1f9fb74a
    :git: https://github.com/freestarcapital/FSSerialization.git
  FSWeakGCDTimer:
    :commit: f2b62d7f95f05cdb403eb87f66bedce8a6241bea
    :git: https://github.com/freestarcapital/FSWeakGCDTimer.git

SPEC CHECKSUMS:
  FSLogging: 1f0858f11d94c6748c21fd7268d9dca45a630be1
  FSNetworking: 5386733454fec49ebe9bb57394cd5072dc41686d
  FSSerialization: d3ca4121f7095ac29a8a92fb7bdd440eedd96d8a
  FSWeakGCDTimer: ad6753f083c1a03264fcc6a4c320258eaed10cf6

PODFILE CHECKSUM: 0eb294a59a2b9eebce4df66dd8b3e145a17abd35

COCOAPODS: 1.5.3
